
Microsoft Visual Studio Solution File, Format Version 12.00
# Visual Studio Version 16
VisualStudioVersion = 16.0.31911.196
MinimumVisualStudioVersion = 10.0.40219.1
Project("{9A19103F-16F7-4668-BE54-9A1E7A4F7556}") = "TestiApp", "TestiApp\TestiApp.csproj", "{C1902963-CA73-431A-9872-F7FE88FA9853}"
EndProject
Project("{9A19103F-16F7-4668-BE54-9A1E7A4F7556}") = "Harjoitus 1Ajoneuvo", "Harjoitus 1Ajoneuvo\Harjoitus 1Ajoneuvo.csproj", "{3A3582F1-3D3F-4A2A-B8C2-1C1C1BE6BAC9}"
EndProject
Project("{9A19103F-16F7-4668-BE54-9A1E7A4F7556}") = "Harjoitus2", "Harjoitus2\Harjoitus2.csproj", "{94F6D3B3-B85C-4E3C-BF6D-376CCDE68909}"
EndProject
Project("{9A19103F-16F7-4668-BE54-9A1E7A4F7556}") = "Harjoitus3", "Harjoitus3\Harjoitus3.csproj", "{523233DB-D4A5-4F25-8320-E0AE074BB483}"
EndProject
Project("{9A19103F-16F7-4668-BE54-9A1E7A4F7556}") = "Harjoitus4", "Harjoitus4\Harjoitus4.csproj", "{24665E6D-F9BB-49DC-94A7-B43D2D89D460}"
EndProject
Project("{9A19103F-16F7-4668-BE54-9A1E7A4F7556}") = "StatciEsimerkki", "StatciEsimerkki\StatciEsimerkki.csproj", "{6817DCCC-5AAF-4851-9A37-BDEC08004254}"
EndProject
Project("{9A19103F-16F7-4668-BE54-9A1E7A4F7556}") = "Laskin Harjoitus", "Laskin Harjoitus\Laskin Harjoitus.csproj", "{F7A4B59E-8C84-4AEE-8BDB-DAC600FAD467}"
EndProject
Project("{9A19103F-16F7-4668-BE54-9A1E7A4F7556}") = "Perintä", "Perintä\Perintä.csproj", "{FD36C02B-8723-4AEB-91B2-D2614BE3DF6E}"
EndProject
Project("{9A19103F-16F7-4668-BE54-9A1E7A4F7556}") = "Abstraktiivisuus", "Abstraktiivisuus\Abstraktiivisuus.csproj", "{D4098F2F-BB94-4AA5-A866-AA0F5EC5DFCD}"
EndProject
Project("{9A19103F-16F7-4668-BE54-9A1E7A4F7556}") = "Harjoitus6", "Harjoitus6\Harjoitus6.csproj", "{5C70D2C0-30E5-4804-B620-83FB0BD10E99}"
EndProject
Project("{9A19103F-16F7-4668-BE54-9A1E7A4F7556}") = "Harjoitus7", "Harjoitus7\Harjoitus7.csproj", "{610B1A12-7B9F-41B1-B785-37F5088D6A5F}"
EndProject
Project("{9A19103F-16F7-4668-BE54-9A1E7A4F7556}") = "Harjoitus8", "Harjoitus8\Harjoitus8.csproj", "{E23CDE65-A680-471F-B882-B486D5D89D1B}"
EndProject
Project("{9A19103F-16F7-4668-BE54-9A1E7A4F7556}") = "Harjoitus 9", "Harjoitus 9\Harjoitus 9.csproj", "{59745A7E-C949-4201-AC35-D3B5D44D5850}"
EndProject
Project("{9A19103F-16F7-4668-BE54-9A1E7A4F7556}") = "Harjoitus10", "Harjoitus10\Harjoitus10.csproj", "{FF5E3EE8-F7B0-4AB7-92DF-513B53319596}"
EndProject
Project("{9A19103F-16F7-4668-BE54-9A1E7A4F7556}") = "Kokoelmat", "Kokoelmat\Kokoelmat.csproj", "{B390F2AE-B734-4D81-9413-207508D78DE3}"
EndProject
Project("{9A19103F-16F7-4668-BE54-9A1E7A4F7556}") = "Harjoitus11", "Harjoitus11\Harjoitus11.csproj", "{52FF1B2A-53D4-443E-BCEC-ED861F909E88}"
EndProject
Project("{9A19103F-16F7-4668-BE54-9A1E7A4F7556}") = "Harjoitus12", "Harjoitus12\Harjoitus12.csproj", "{28ABF9C5-DD31-4759-8CC3-9E82FE1C1FEF}"
EndProject
Project("{9A19103F-16F7-4668-BE54-9A1E7A4F7556}") = "Harjoitus13", "Harjoitus13\Harjoitus13.csproj", "{2AC85C59-7BA4-4D3C-AAD6-22835EB6DA1B}"
EndProject
Project("{FAE04EC0-301F-11D3-BF4B-00C04F79EFBC}") = "Harjoitus15", "Harjoitus15\Harjoitus15.csproj", "{E0AC6659-2FBA-4904-B081-C9440B5673C2}"
EndProject
Project("{FAE04EC0-301F-11D3-BF4B-00C04F79EFBC}") = "Harjoitus16", "Harjoitus16\Harjoitus16.csproj", "{544F04A6-324A-4534-B713-D9AA2F71F620}"
EndProject
Project("{FAE04EC0-301F-11D3-BF4B-00C04F79EFBC}") = "Harjoitus17", "Harjoitus17\Harjoitus17.csproj", "{CC6238E8-E946-40F9-93F5-30BF9DBF0787}"
EndProject
Project("{FAE04EC0-301F-11D3-BF4B-00C04F79EFBC}") = "Harjoitus18", "Harjoitus18\Harjoitus18.csproj", "{2696BC5C-4BB7-4E8F-9559-A607C212C1A0}"
EndProject
Project("{FAE04EC0-301F-11D3-BF4B-00C04F79EFBC}") = "SivujdenVahito", "SivujdenVahito\SivujdenVahito.csproj", "{EB54179E-316F-44C7-BF5F-1E365D2B9493}"
EndProject
Global
	GlobalSection(SolutionConfigurationPlatforms) = preSolution
		Debug|Any CPU = Debug|Any CPU
		Release|Any CPU = Release|Any CPU
	EndGlobalSection
	GlobalSection(ProjectConfigurationPlatforms) = postSolution
		{C1902963-CA73-431A-9872-F7FE88FA9853}.Debug|Any CPU.ActiveCfg = Debug|Any CPU
		{C1902963-CA73-431A-9872-F7FE88FA9853}.Debug|Any CPU.Build.0 = Debug|Any CPU
		{C1902963-CA73-431A-9872-F7FE88FA9853}.Release|Any CPU.ActiveCfg = Release|Any CPU
		{C1902963-CA73-431A-9872-F7FE88FA9853}.Release|Any CPU.Build.0 = Release|Any CPU
		{3A3582F1-3D3F-4A2A-B8C2-1C1C1BE6BAC9}.Debug|Any CPU.ActiveCfg = Debug|Any CPU
		{3A3582F1-3D3F-4A2A-B8C2-1C1C1BE6BAC9}.Debug|Any CPU.Build.0 = Debug|Any CPU
		{3A3582F1-3D3F-4A2A-B8C2-1C1C1BE6BAC9}.Release|Any CPU.ActiveCfg = Release|Any CPU
		{3A3582F1-3D3F-4A2A-B8C2-1C1C1BE6BAC9}.Release|Any CPU.Build.0 = Release|Any CPU
		{94F6D3B3-B85C-4E3C-BF6D-376CCDE68909}.Debug|Any CPU.ActiveCfg = Debug|Any CPU
		{94F6D3B3-B85C-4E3C-BF6D-376CCDE68909}.Debug|Any CPU.Build.0 = Debug|Any CPU
		{94F6D3B3-B85C-4E3C-BF6D-376CCDE68909}.Release|Any CPU.ActiveCfg = Release|Any CPU
		{94F6D3B3-B85C-4E3C-BF6D-376CCDE68909}.Release|Any CPU.Build.0 = Release|Any CPU
		{523233DB-D4A5-4F25-8320-E0AE074BB483}.Debug|Any CPU.ActiveCfg = Debug|Any CPU
		{523233DB-D4A5-4F25-8320-E0AE074BB483}.Debug|Any CPU.Build.0 = Debug|Any CPU
		{523233DB-D4A5-4F25-8320-E0AE074BB483}.Release|Any CPU.ActiveCfg = Release|Any CPU
		{523233DB-D4A5-4F25-8320-E0AE074BB483}.Release|Any CPU.Build.0 = Release|Any CPU
		{24665E6D-F9BB-49DC-94A7-B43D2D89D460}.Debug|Any CPU.ActiveCfg = Debug|Any CPU
		{24665E6D-F9BB-49DC-94A7-B43D2D89D460}.Debug|Any CPU.Build.0 = Debug|Any CPU
		{24665E6D-F9BB-49DC-94A7-B43D2D89D460}.Release|Any CPU.ActiveCfg = Release|Any CPU
		{24665E6D-F9BB-49DC-94A7-B43D2D89D460}.Release|Any CPU.Build.0 = Release|Any CPU
		{6817DCCC-5AAF-4851-9A37-BDEC08004254}.Debug|Any CPU.ActiveCfg = Debug|Any CPU
		{6817DCCC-5AAF-4851-9A37-BDEC08004254}.Debug|Any CPU.Build.0 = Debug|Any CPU
		{6817DCCC-5AAF-4851-9A37-BDEC08004254}.Release|Any CPU.ActiveCfg = Release|Any CPU
		{6817DCCC-5AAF-4851-9A37-BDEC08004254}.Release|Any CPU.Build.0 = Release|Any CPU
		{F7A4B59E-8C84-4AEE-8BDB-DAC600FAD467}.Debug|Any CPU.ActiveCfg = Debug|Any CPU
		{F7A4B59E-8C84-4AEE-8BDB-DAC600FAD467}.Debug|Any CPU.Build.0 = Debug|Any CPU
		{F7A4B59E-8C84-4AEE-8BDB-DAC600FAD467}.Release|Any CPU.ActiveCfg = Release|Any CPU
		{F7A4B59E-8C84-4AEE-8BDB-DAC600FAD467}.Release|Any CPU.Build.0 = Release|Any CPU
		{FD36C02B-8723-4AEB-91B2-D2614BE3DF6E}.Debug|Any CPU.ActiveCfg = Debug|Any CPU
		{FD36C02B-8723-4AEB-91B2-D2614BE3DF6E}.Debug|Any CPU.Build.0 = Debug|Any CPU
		{FD36C02B-8723-4AEB-91B2-D2614BE3DF6E}.Release|Any CPU.ActiveCfg = Release|Any CPU
		{FD36C02B-8723-4AEB-91B2-D2614BE3DF6E}.Release|Any CPU.Build.0 = Release|Any CPU
		{D4098F2F-BB94-4AA5-A866-AA0F5EC5DFCD}.Debug|Any CPU.ActiveCfg = Debug|Any CPU
		{D4098F2F-BB94-4AA5-A866-AA0F5EC5DFCD}.Debug|Any CPU.Build.0 = Debug|Any CPU
		{D4098F2F-BB94-4AA5-A866-AA0F5EC5DFCD}.Release|Any CPU.ActiveCfg = Release|Any CPU
		{D4098F2F-BB94-4AA5-A866-AA0F5EC5DFCD}.Release|Any CPU.Build.0 = Release|Any CPU
		{5C70D2C0-30E5-4804-B620-83FB0BD10E99}.Debug|Any CPU.ActiveCfg = Debug|Any CPU
		{5C70D2C0-30E5-4804-B620-83FB0BD10E99}.Debug|Any CPU.Build.0 = Debug|Any CPU
		{5C70D2C0-30E5-4804-B620-83FB0BD10E99}.Release|Any CPU.ActiveCfg = Release|Any CPU
		{5C70D2C0-30E5-4804-B620-83FB0BD10E99}.Release|Any CPU.Build.0 = Release|Any CPU
		{610B1A12-7B9F-41B1-B785-37F5088D6A5F}.Debug|Any CPU.ActiveCfg = Debug|Any CPU
		{610B1A12-7B9F-41B1-B785-37F5088D6A5F}.Debug|Any CPU.Build.0 = Debug|Any CPU
		{610B1A12-7B9F-41B1-B785-37F5088D6A5F}.Release|Any CPU.ActiveCfg = Release|Any CPU
		{610B1A12-7B9F-41B1-B785-37F5088D6A5F}.Release|Any CPU.Build.0 = Release|Any CPU
		{E23CDE65-A680-471F-B882-B486D5D89D1B}.Debug|Any CPU.ActiveCfg = Debug|Any CPU
		{E23CDE65-A680-471F-B882-B486D5D89D1B}.Debug|Any CPU.Build.0 = Debug|Any CPU
		{E23CDE65-A680-471F-B882-B486D5D89D1B}.Release|Any CPU.ActiveCfg = Release|Any CPU
		{E23CDE65-A680-471F-B882-B486D5D89D1B}.Release|Any CPU.Build.0 = Release|Any CPU
		{59745A7E-C949-4201-AC35-D3B5D44D5850}.Debug|Any CPU.ActiveCfg = Debug|Any CPU
		{59745A7E-C949-4201-AC35-D3B5D44D5850}.Debug|Any CPU.Build.0 = Debug|Any CPU
		{59745A7E-C949-4201-AC35-D3B5D44D5850}.Release|Any CPU.ActiveCfg = Release|Any CPU
		{59745A7E-C949-4201-AC35-D3B5D44D5850}.Release|Any CPU.Build.0 = Release|Any CPU
		{FF5E3EE8-F7B0-4AB7-92DF-513B53319596}.Debug|Any CPU.ActiveCfg = Debug|Any CPU
		{FF5E3EE8-F7B0-4AB7-92DF-513B53319596}.Debug|Any CPU.Build.0 = Debug|Any CPU
		{FF5E3EE8-F7B0-4AB7-92DF-513B53319596}.Release|Any CPU.ActiveCfg = Release|Any CPU
		{FF5E3EE8-F7B0-4AB7-92DF-513B53319596}.Release|Any CPU.Build.0 = Release|Any CPU
		{B390F2AE-B734-4D81-9413-207508D78DE3}.Debug|Any CPU.ActiveCfg = Debug|Any CPU
		{B390F2AE-B734-4D81-9413-207508D78DE3}.Debug|Any CPU.Build.0 = Debug|Any CPU
		{B390F2AE-B734-4D81-9413-207508D78DE3}.Release|Any CPU.ActiveCfg = Release|Any CPU
		{B390F2AE-B734-4D81-9413-207508D78DE3}.Release|Any CPU.Build.0 = Release|Any CPU
		{52FF1B2A-53D4-443E-BCEC-ED861F909E88}.Debug|Any CPU.ActiveCfg = Debug|Any CPU
		{52FF1B2A-53D4-443E-BCEC-ED861F909E88}.Debug|Any CPU.Build.0 = Debug|Any CPU
		{52FF1B2A-53D4-443E-BCEC-ED861F909E88}.Release|Any CPU.ActiveCfg = Release|Any CPU
		{52FF1B2A-53D4-443E-BCEC-ED861F909E88}.Release|Any CPU.Build.0 = Release|Any CPU
		{28ABF9C5-DD31-4759-8CC3-9E82FE1C1FEF}.Debug|Any CPU.ActiveCfg = Debug|Any CPU
		{28ABF9C5-DD31-4759-8CC3-9E82FE1C1FEF}.Debug|Any CPU.Build.0 = Debug|Any CPU
		{28ABF9C5-DD31-4759-8CC3-9E82FE1C1FEF}.Release|Any CPU.ActiveCfg = Release|Any CPU
		{28ABF9C5-DD31-4759-8CC3-9E82FE1C1FEF}.Release|Any CPU.Build.0 = Release|Any CPU
		{2AC85C59-7BA4-4D3C-AAD6-22835EB6DA1B}.Debug|Any CPU.ActiveCfg = Debug|Any CPU
		{2AC85C59-7BA4-4D3C-AAD6-22835EB6DA1B}.Debug|Any CPU.Build.0 = Debug|Any CPU
		{2AC85C59-7BA4-4D3C-AAD6-22835EB6DA1B}.Release|Any CPU.ActiveCfg = Release|Any CPU
		{2AC85C59-7BA4-4D3C-AAD6-22835EB6DA1B}.Release|Any CPU.Build.0 = Release|Any CPU
		{E0AC6659-2FBA-4904-B081-C9440B5673C2}.Debug|Any CPU.ActiveCfg = Debug|Any CPU
		{E0AC6659-2FBA-4904-B081-C9440B5673C2}.Debug|Any CPU.Build.0 = Debug|Any CPU
		{E0AC6659-2FBA-4904-B081-C9440B5673C2}.Release|Any CPU.ActiveCfg = Release|Any CPU
		{E0AC6659-2FBA-4904-B081-C9440B5673C2}.Release|Any CPU.Build.0 = Release|Any CPU
		{544F04A6-324A-4534-B713-D9AA2F71F620}.Debug|Any CPU.ActiveCfg = Debug|Any CPU
		{544F04A6-324A-4534-B713-D9AA2F71F620}.Debug|Any CPU.Build.0 = Debug|Any CPU
		{544F04A6-324A-4534-B713-D9AA2F71F620}.Release|Any CPU.ActiveCfg = Release|Any CPU
		{544F04A6-324A-4534-B713-D9AA2F71F620}.Release|Any CPU.Build.0 = Release|Any CPU
		{CC6238E8-E946-40F9-93F5-30BF9DBF0787}.Debug|Any CPU.ActiveCfg = Debug|Any CPU
		{CC6238E8-E946-40F9-93F5-30BF9DBF0787}.Debug|Any CPU.Build.0 = Debug|Any CPU
		{CC6238E8-E946-40F9-93F5-30BF9DBF0787}.Release|Any CPU.ActiveCfg = Release|Any CPU
		{CC6238E8-E946-40F9-93F5-30BF9DBF0787}.Release|Any CPU.Build.0 = Release|Any CPU
		{2696BC5C-4BB7-4E8F-9559-A607C212C1A0}.Debug|Any CPU.ActiveCfg = Debug|Any CPU
		{2696BC5C-4BB7-4E8F-9559-A607C212C1A0}.Debug|Any CPU.Build.0 = Debug|Any CPU
		{2696BC5C-4BB7-4E8F-9559-A607C212C1A0}.Release|Any CPU.ActiveCfg = Release|Any CPU
		{2696BC5C-4BB7-4E8F-9559-A607C212C1A0}.Release|Any CPU.Build.0 = Release|Any CPU
		{EB54179E-316F-44C7-BF5F-1E365D2B9493}.Debug|Any CPU.ActiveCfg = Debug|Any CPU
		{EB54179E-316F-44C7-BF5F-1E365D2B9493}.Debug|Any CPU.Build.0 = Debug|Any CPU
		{EB54179E-316F-44C7-BF5F-1E365D2B9493}.Release|Any CPU.ActiveCfg = Release|Any CPU
		{EB54179E-316F-44C7-BF5F-1E365D2B9493}.Release|Any CPU.Build.0 = Release|Any CPU
	EndGlobalSection
	GlobalSection(SolutionProperties) = preSolution
		HideSolutionNode = FALSE
	EndGlobalSection
	GlobalSection(ExtensibilityGlobals) = postSolution
		SolutionGuid = {9B989DAB-994B-4A97-97F3-392476EE6840}
	EndGlobalSection
EndGlobal
