
Microsoft Visual Studio Solution File, Format Version 12.00
# Visual Studio Version 16
VisualStudioVersion = 16.0.31729.503
MinimumVisualStudioVersion = 10.0.40219.1
Project("{FAE04EC0-301F-11D3-BF4B-00C04F79EFBC}") = "TestiApp", "TestiApp\TestiApp.csproj", "{B383B093-E3D2-4E08-A173-7D607DCCEB83}"
EndProject
Project("{FAE04EC0-301F-11D3-BF4B-00C04F79EFBC}") = "Harjoitus 1", "Harjoitus 1\Harjoitus 1.csproj", "{EDDDAFAC-E164-4FF0-AA38-A6731A5EF0D4}"
EndProject
Project("{FAE04EC0-301F-11D3-BF4B-00C04F79EFBC}") = "Harjoitus 2", "Harjoitus 2\Harjoitus 2.csproj", "{0B7D7C2A-DE20-4F06-B0E1-F305A8C0217D}"
EndProject
Project("{FAE04EC0-301F-11D3-BF4B-00C04F79EFBC}") = "Harjoitus 3 (KT)", "Harjoitus 3 (KT)\Harjoitus 3 (KT).csproj", "{A85AB262-DDC2-4422-8FE6-85379C3C268E}"
EndProject
Global
	GlobalSection(SolutionConfigurationPlatforms) = preSolution
		Debug|Any CPU = Debug|Any CPU
		Release|Any CPU = Release|Any CPU
	EndGlobalSection
	GlobalSection(ProjectConfigurationPlatforms) = postSolution
		{B383B093-E3D2-4E08-A173-7D607DCCEB83}.Debug|Any CPU.ActiveCfg = Debug|Any CPU
		{B383B093-E3D2-4E08-A173-7D607DCCEB83}.Debug|Any CPU.Build.0 = Debug|Any CPU
		{B383B093-E3D2-4E08-A173-7D607DCCEB83}.Release|Any CPU.ActiveCfg = Release|Any CPU
		{B383B093-E3D2-4E08-A173-7D607DCCEB83}.Release|Any CPU.Build.0 = Release|Any CPU
		{EDDDAFAC-E164-4FF0-AA38-A6731A5EF0D4}.Debug|Any CPU.ActiveCfg = Debug|Any CPU
		{EDDDAFAC-E164-4FF0-AA38-A6731A5EF0D4}.Debug|Any CPU.Build.0 = Debug|Any CPU
		{EDDDAFAC-E164-4FF0-AA38-A6731A5EF0D4}.Release|Any CPU.ActiveCfg = Release|Any CPU
		{EDDDAFAC-E164-4FF0-AA38-A6731A5EF0D4}.Release|Any CPU.Build.0 = Release|Any CPU
		{0B7D7C2A-DE20-4F06-B0E1-F305A8C0217D}.Debug|Any CPU.ActiveCfg = Debug|Any CPU
		{0B7D7C2A-DE20-4F06-B0E1-F305A8C0217D}.Debug|Any CPU.Build.0 = Debug|Any CPU
		{0B7D7C2A-DE20-4F06-B0E1-F305A8C0217D}.Release|Any CPU.ActiveCfg = Release|Any CPU
		{0B7D7C2A-DE20-4F06-B0E1-F305A8C0217D}.Release|Any CPU.Build.0 = Release|Any CPU
		{A85AB262-DDC2-4422-8FE6-85379C3C268E}.Debug|Any CPU.ActiveCfg = Debug|Any CPU
		{A85AB262-DDC2-4422-8FE6-85379C3C268E}.Debug|Any CPU.Build.0 = Debug|Any CPU
		{A85AB262-DDC2-4422-8FE6-85379C3C268E}.Release|Any CPU.ActiveCfg = Release|Any CPU
		{A85AB262-DDC2-4422-8FE6-85379C3C268E}.Release|Any CPU.Build.0 = Release|Any CPU
	EndGlobalSection
	GlobalSection(SolutionProperties) = preSolution
		HideSolutionNode = FALSE
	EndGlobalSection
	GlobalSection(ExtensibilityGlobals) = postSolution
		SolutionGuid = {4009FE36-6901-450E-B0B5-27023E1751E0}
	EndGlobalSection
EndGlobal
